
Microsoft Visual Studio Solution File, Format Version 12.00
# Visual Studio Version 17
VisualStudioVersion = 17.4.33110.190
MinimumVisualStudioVersion = 10.0.40219.1
Project("{FAE04EC0-301F-11D3-BF4B-00C04F79EFBC}") = "VisioUtilitiesAddIn", "VisioUtilitiesAddIn\VisioUtilitiesAddIn.csproj", "{5E56B409-D57E-4332-A29A-26BAB672C540}"
EndProject
Global
	GlobalSection(SolutionConfigurationPlatforms) = preSolution
		Debug|Any CPU = Debug|Any CPU
		Release|Any CPU = Release|Any CPU
	EndGlobalSection
	GlobalSection(ProjectConfigurationPlatforms) = postSolution
		{5E56B409-D57E-4332-A29A-26BAB672C540}.Debug|Any CPU.ActiveCfg = Debug|Any CPU
		{5E56B409-D57E-4332-A29A-26BAB672C540}.Debug|Any CPU.Build.0 = Debug|Any CPU
		{5E56B409-D57E-4332-A29A-26BAB672C540}.Release|Any CPU.ActiveCfg = Release|Any CPU
		{5E56B409-D57E-4332-A29A-26BAB672C540}.Release|Any CPU.Build.0 = Release|Any CPU
	EndGlobalSection
	GlobalSection(SolutionProperties) = preSolution
		HideSolutionNode = FALSE
	EndGlobalSection
	GlobalSection(ExtensibilityGlobals) = postSolution
		SolutionGuid = {8575536D-A401-4C1D-A859-83E8E47DA180}
	EndGlobalSection
EndGlobal
